
Microsoft Visual Studio Solution File, Format Version 12.00
# Visual Studio Version 17
VisualStudioVersion = 17.5.33627.172
MinimumVisualStudioVersion = 10.0.40219.1
Project("{C7167F0D-BC9F-4E6E-AFE1-012C56B48DB5}") = "ContextMenuEditor (Package)", "ContextMenuEditor\ContextMenuEditor (Package)\ContextMenuEditor (Package).wapproj", "{E6CEBE36-1BE4-47ED-B9D6-411C1ED6825E}"
EndProject
Project("{8BC9CEB8-8B4A-11D0-8D11-00A0C91BC942}") = "ContextMenuEditor", "ContextMenuEditor\ContextMenuEditor\ContextMenuEditor.vcxproj", "{7C016E2F-FBBB-435C-9484-86034D92F939}"
EndProject
Project("{8BC9CEB8-8B4A-11D0-8D11-00A0C91BC942}") = "ContextMenu", "ContextMenu\ContextMenu.vcxproj", "{1D389BC9-F6EF-4FD1-BABA-94906D95C642}"
EndProject
Global
	GlobalSection(SolutionConfigurationPlatforms) = preSolution
		Debug|ARM64 = Debug|ARM64
		Debug|x64 = Debug|x64
		Debug|x86 = Debug|x86
		Release|ARM64 = Release|ARM64
		Release|x64 = Release|x64
		Release|x86 = Release|x86
	EndGlobalSection
	GlobalSection(ProjectConfigurationPlatforms) = postSolution
		{E6CEBE36-1BE4-47ED-B9D6-411C1ED6825E}.Debug|ARM64.ActiveCfg = Debug|ARM64
		{E6CEBE36-1BE4-47ED-B9D6-411C1ED6825E}.Debug|ARM64.Build.0 = Debug|ARM64
		{E6CEBE36-1BE4-47ED-B9D6-411C1ED6825E}.Debug|ARM64.Deploy.0 = Debug|ARM64
		{E6CEBE36-1BE4-47ED-B9D6-411C1ED6825E}.Debug|x64.ActiveCfg = Debug|x64
		{E6CEBE36-1BE4-47ED-B9D6-411C1ED6825E}.Debug|x64.Build.0 = Debug|x64
		{E6CEBE36-1BE4-47ED-B9D6-411C1ED6825E}.Debug|x64.Deploy.0 = Debug|x64
		{E6CEBE36-1BE4-47ED-B9D6-411C1ED6825E}.Debug|x86.ActiveCfg = Debug|x86
		{E6CEBE36-1BE4-47ED-B9D6-411C1ED6825E}.Debug|x86.Build.0 = Debug|x86
		{E6CEBE36-1BE4-47ED-B9D6-411C1ED6825E}.Debug|x86.Deploy.0 = Debug|x86
		{E6CEBE36-1BE4-47ED-B9D6-411C1ED6825E}.Release|ARM64.ActiveCfg = Release|ARM64
		{E6CEBE36-1BE4-47ED-B9D6-411C1ED6825E}.Release|ARM64.Build.0 = Release|ARM64
		{E6CEBE36-1BE4-47ED-B9D6-411C1ED6825E}.Release|ARM64.Deploy.0 = Release|ARM64
		{E6CEBE36-1BE4-47ED-B9D6-411C1ED6825E}.Release|x64.ActiveCfg = Release|x64
		{E6CEBE36-1BE4-47ED-B9D6-411C1ED6825E}.Release|x64.Build.0 = Release|x64
		{E6CEBE36-1BE4-47ED-B9D6-411C1ED6825E}.Release|x64.Deploy.0 = Release|x64
		{E6CEBE36-1BE4-47ED-B9D6-411C1ED6825E}.Release|x86.ActiveCfg = Release|x86
		{E6CEBE36-1BE4-47ED-B9D6-411C1ED6825E}.Release|x86.Build.0 = Release|x86
		{E6CEBE36-1BE4-47ED-B9D6-411C1ED6825E}.Release|x86.Deploy.0 = Release|x86
		{7C016E2F-FBBB-435C-9484-86034D92F939}.Debug|ARM64.ActiveCfg = Debug|ARM64
		{7C016E2F-FBBB-435C-9484-86034D92F939}.Debug|ARM64.Build.0 = Debug|ARM64
		{7C016E2F-FBBB-435C-9484-86034D92F939}.Debug|x64.ActiveCfg = Debug|x64
		{7C016E2F-FBBB-435C-9484-86034D92F939}.Debug|x64.Build.0 = Debug|x64
		{7C016E2F-FBBB-435C-9484-86034D92F939}.Debug|x86.ActiveCfg = Debug|Win32
		{7C016E2F-FBBB-435C-9484-86034D92F939}.Debug|x86.Build.0 = Debug|Win32
		{7C016E2F-FBBB-435C-9484-86034D92F939}.Release|ARM64.ActiveCfg = Release|ARM64
		{7C016E2F-FBBB-435C-9484-86034D92F939}.Release|ARM64.Build.0 = Release|ARM64
		{7C016E2F-FBBB-435C-9484-86034D92F939}.Release|x64.ActiveCfg = Release|x64
		{7C016E2F-FBBB-435C-9484-86034D92F939}.Release|x64.Build.0 = Release|x64
		{7C016E2F-FBBB-435C-9484-86034D92F939}.Release|x86.ActiveCfg = Release|Win32
		{7C016E2F-FBBB-435C-9484-86034D92F939}.Release|x86.Build.0 = Release|Win32
		{1D389BC9-F6EF-4FD1-BABA-94906D95C642}.Debug|ARM64.ActiveCfg = Debug|ARM64
		{1D389BC9-F6EF-4FD1-BABA-94906D95C642}.Debug|ARM64.Build.0 = Debug|ARM64
		{1D389BC9-F6EF-4FD1-BABA-94906D95C642}.Debug|x64.ActiveCfg = Debug|x64
		{1D389BC9-F6EF-4FD1-BABA-94906D95C642}.Debug|x64.Build.0 = Debug|x64
		{1D389BC9-F6EF-4FD1-BABA-94906D95C642}.Debug|x86.ActiveCfg = Debug|Win32
		{1D389BC9-F6EF-4FD1-BABA-94906D95C642}.Debug|x86.Build.0 = Debug|Win32
		{1D389BC9-F6EF-4FD1-BABA-94906D95C642}.Release|ARM64.ActiveCfg = Release|ARM64
		{1D389BC9-F6EF-4FD1-BABA-94906D95C642}.Release|ARM64.Build.0 = Release|ARM64
		{1D389BC9-F6EF-4FD1-BABA-94906D95C642}.Release|x64.ActiveCfg = Release|x64
		{1D389BC9-F6EF-4FD1-BABA-94906D95C642}.Release|x64.Build.0 = Release|x64
		{1D389BC9-F6EF-4FD1-BABA-94906D95C642}.Release|x86.ActiveCfg = Release|Win32
		{1D389BC9-F6EF-4FD1-BABA-94906D95C642}.Release|x86.Build.0 = Release|Win32
	EndGlobalSection
	GlobalSection(SolutionProperties) = preSolution
		HideSolutionNode = FALSE
	EndGlobalSection
	GlobalSection(ExtensibilityGlobals) = postSolution
		SolutionGuid = {73DD140B-4BB1-4C0D-BFC7-A52494A53A0E}
	EndGlobalSection
EndGlobal
